// !$*UTF8*$!
{
	archiveVersion = 1;
	classes = {
	};
	objectVersion = 50;
	objects = {

/* Begin PBXBuildFile section */
		8395A9822524902000B79E7E /* Launch Screen.storyboard in Resources */ = {isa = PBXBuildFile; fileRef = 8395A9812524902000B79E7E /* Launch Screen.storyboard */; };
		83F48FF8252468D20026814F /* AppDelegate.swift in Sources */ = {isa = PBXBuildFile; fileRef = 83F48FF7252468D20026814F /* AppDelegate.swift */; };
		83F48FFC252468D20026814F /* HeadphonePoseViewController.swift in Sources */ = {isa = PBXBuildFile; fileRef = 83F48FFB252468D20026814F /* HeadphonePoseViewController.swift */; };
		83F48FFF252468D20026814F /* Main.storyboard in Resources */ = {isa = PBXBuildFile; fileRef = 83F48FFD252468D20026814F /* Main.storyboard */; };
		83F49001252468D40026814F /* Assets.xcassets in Resources */ = {isa = PBXBuildFile; fileRef = 83F49000252468D40026814F /* Assets.xcassets */; };
		83F4900A252469930026814F /* head.obj in Resources */ = {isa = PBXBuildFile; fileRef = 83F49009252469930026814F /* head.obj */; };
/* End PBXBuildFile section */

/* Begin PBXFileReference section */
		8395A9812524902000B79E7E /* Launch Screen.storyboard */ = {isa = PBXFileReference; lastKnownFileType = file.storyboard; path = "Launch Screen.storyboard"; sourceTree = "<group>"; };
		83F48FF4252468D20026814F /* HeadphoneMotionVisualizer.app */ = {isa = PBXFileReference; explicitFileType = wrapper.application; includeInIndex = 0; path = HeadphoneMotionVisualizer.app; sourceTree = BUILT_PRODUCTS_DIR; };
		83F48FF7252468D20026814F /* AppDelegate.swift */ = {isa = PBXFileReference; lastKnownFileType = sourcecode.swift; path = AppDelegate.swift; sourceTree = "<group>"; };
		83F48FFB252468D20026814F /* HeadphonePoseViewController.swift */ = {isa = PBXFileReference; lastKnownFileType = sourcecode.swift; path = HeadphonePoseViewController.swift; sourceTree = "<group>"; };
		83F48FFE252468D20026814F /* Base */ = {isa = PBXFileReference; lastKnownFileType = file.storyboard; name = Base; path = Base.lproj/Main.storyboard; sourceTree = "<group>"; };
		83F49000252468D40026814F /* Assets.xcassets */ = {isa = PBXFileReference; lastKnownFileType = folder.assetcatalog; path = Assets.xcassets; sourceTree = "<group>"; };
		83F49002252468D40026814F /* Info.plist */ = {isa = PBXFileReference; lastKnownFileType = text.plist.xml; path = Info.plist; sourceTree = "<group>"; };
		83F49009252469930026814F /* head.obj */ = {isa = PBXFileReference; fileEncoding = 4; lastKnownFileType = text; path = head.obj; sourceTree = "<group>"; };
/* End PBXFileReference section */

/* Begin PBXFrameworksBuildPhase section */
		83F48FF1252468D20026814F /* Frameworks */ = {
			isa = PBXFrameworksBuildPhase;
			buildActionMask = 2147483647;
			files = (
			);
			runOnlyForDeploymentPostprocessing = 0;
		};
/* End PBXFrameworksBuildPhase section */

/* Begin PBXGroup section */
		83F48FEB252468D20026814F = {
			isa = PBXGroup;
			children = (
				83F48FF6252468D20026814F /* HeadphoneMotionVisualizer */,
				83F48FF5252468D20026814F /* Products */,
			);
			sourceTree = "<group>";
		};
		83F48FF5252468D20026814F /* Products */ = {
			isa = PBXGroup;
			children = (
				83F48FF4252468D20026814F /* HeadphoneMotionVisualizer.app */,
			);
			name = Products;
			sourceTree = "<group>";
		};
		83F48FF6252468D20026814F /* HeadphoneMotionVisualizer */ = {
			isa = PBXGroup;
			children = (
				83F48FF7252468D20026814F /* AppDelegate.swift */,
				83F48FFB252468D20026814F /* HeadphonePoseViewController.swift */,
				83F49009252469930026814F /* head.obj */,
				83F48FFD252468D20026814F /* Main.storyboard */,
				83F49000252468D40026814F /* Assets.xcassets */,
				83F49002252468D40026814F /* Info.plist */,
				8395A9812524902000B79E7E /* Launch Screen.storyboard */,
			);
			path = HeadphoneMotionVisualizer;
			sourceTree = "<group>";
		};
/* End PBXGroup section */

/* Begin PBXNativeTarget section */
		83F48FF3252468D20026814F /* HeadphoneMotionVisualizer */ = {
			isa = PBXNativeTarget;
			buildConfigurationList = 83F49005252468D40026814F /* Build configuration list for PBXNativeTarget "HeadphoneMotionVisualizer" */;
			buildPhases = (
				83F48FF0252468D20026814F /* Sources */,
				83F48FF1252468D20026814F /* Frameworks */,
				83F48FF2252468D20026814F /* Resources */,
			);
			buildRules = (
			);
			dependencies = (
			);
			name = HeadphoneMotionVisualizer;
			productName = HeadphoneMotionVisualizer;
			productReference = 83F48FF4252468D20026814F /* HeadphoneMotionVisualizer.app */;
			productType = "com.apple.product-type.application";
		};
/* End PBXNativeTarget section */

/* Begin PBXProject section */
		83F48FEC252468D20026814F /* Project object */ = {
			isa = PBXProject;
			attributes = {
				LastSwiftUpdateCheck = 1200;
				LastUpgradeCheck = 1200;
				TargetAttributes = {
					83F48FF3252468D20026814F = {
						CreatedOnToolsVersion = 12.0.1;
					};
				};
			};
			buildConfigurationList = 83F48FEF252468D20026814F /* Build configuration list for PBXProject "HeadphoneMotionVisualizer" */;
			compatibilityVersion = "Xcode 9.3";
			developmentRegion = en;
			hasScannedForEncodings = 0;
			knownRegions = (
				en,
				Base,
			);
			mainGroup = 83F48FEB252468D20026814F;
			productRefGroup = 83F48FF5252468D20026814F /* Products */;
			projectDirPath = "";
			projectRoot = "";
			targets = (
				83F48FF3252468D20026814F /* HeadphoneMotionVisualizer */,
			);
		};
/* End PBXProject section */

/* Begin PBXResourcesBuildPhase section */
		83F48FF2252468D20026814F /* Resources */ = {
			isa = PBXResourcesBuildPhase;
			buildActionMask = 2147483647;
			files = (
				83F49001252468D40026814F /* Assets.xcassets in Resources */,
				83F48FFF252468D20026814F /* Main.storyboard in Resources */,
				8395A9822524902000B79E7E /* Launch Screen.storyboard in Resources */,
				83F4900A252469930026814F /* head.obj in Resources */,
			);
			runOnlyForDeploymentPostprocessing = 0;
		};
/* End PBXResourcesBuildPhase section */

/* Begin PBXSourcesBuildPhase section */
		83F48FF0252468D20026814F /* Sources */ = {
			isa = PBXSourcesBuildPhase;
			buildActionMask = 2147483647;
			files = (
				83F48FFC252468D20026814F /* HeadphonePoseViewController.swift in Sources */,
				83F48FF8252468D20026814F /* AppDelegate.swift in Sources */,
			);
			runOnlyForDeploymentPostprocessing = 0;
		};
/* End PBXSourcesBuildPhase section */

/* Begin PBXVariantGroup section */
		83F48FFD252468D20026814F /* Main.storyboard */ = {
			isa = PBXVariantGroup;
			children = (
				83F48FFE252468D20026814F /* Base */,
			);
			name = Main.storyboard;
			sourceTree = "<group>";
		};
/* End PBXVariantGroup section */

/* Begin XCBuildConfiguration section */
		83F49003252468D40026814F /* Debug */ = {
			isa = XCBuildConfiguration;
			buildSettings = {
				ALWAYS_SEARCH_USER_PATHS = NO;
				CLANG_ANALYZER_NONNULL = YES;
				CLANG_ANALYZER_NUMBER_OBJECT_CONVERSION = YES_AGGRESSIVE;
				CLANG_CXX_LANGUAGE_STANDARD = "gnu++14";
				CLANG_CXX_LIBRARY = "libc++";
				CLANG_ENABLE_MODULES = YES;
				CLANG_ENABLE_OBJC_ARC = YES;
				CLANG_ENABLE_OBJC_WEAK = YES;
				CLANG_WARN_BLOCK_CAPTURE_AUTORELEASING = YES;
				CLANG_WARN_BOOL_CONVERSION = YES;
				CLANG_WARN_COMMA = YES;
				CLANG_WARN_CONSTANT_CONVERSION = YES;
				CLANG_WARN_DEPRECATED_OBJC_IMPLEMENTATIONS = YES;
				CLANG_WARN_DIRECT_OBJC_ISA_USAGE = YES_ERROR;
				CLANG_WARN_DOCUMENTATION_COMMENTS = YES;
				CLANG_WARN_EMPTY_BODY = YES;
				CLANG_WARN_ENUM_CONVERSION = YES;
				CLANG_WARN_INFINITE_RECURSION = YES;
				CLANG_WARN_INT_CONVERSION = YES;
				CLANG_WARN_NON_LITERAL_NULL_CONVERSION = YES;
				CLANG_WARN_OBJC_IMPLICIT_RETAIN_SELF = YES;
				CLANG_WARN_OBJC_LITERAL_CONVERSION = YES;
				CLANG_WARN_OBJC_ROOT_CLASS = YES_ERROR;
				CLANG_WARN_QUOTED_INCLUDE_IN_FRAMEWORK_HEADER = YES;
				CLANG_WARN_RANGE_LOOP_ANALYSIS = YES;
				CLANG_WARN_STRICT_PROTOTYPES = YES;
				CLANG_WARN_SUSPICIOUS_MOVE = YES;
				CLANG_WARN_UNGUARDED_AVAILABILITY = YES_AGGRESSIVE;
				CLANG_WARN_UNREACHABLE_CODE = YES;
				CLANG_WARN__DUPLICATE_METHOD_MATCH = YES;
				COPY_PHASE_STRIP = NO;
				DEBUG_INFORMATION_FORMAT = dwarf;
				ENABLE_STRICT_OBJC_MSGSEND = YES;
				ENABLE_TESTABILITY = YES;
				GCC_C_LANGUAGE_STANDARD = gnu11;
				GCC_DYNAMIC_NO_PIC = NO;
				GCC_NO_COMMON_BLOCKS = YES;
				GCC_OPTIMIZATION_LEVEL = 0;
				GCC_PREPROCESSOR_DEFINITIONS = (
					"DEBUG=1",
					"$(inherited)",
				);
				GCC_WARN_64_TO_32_BIT_CONVERSION = YES;
				GCC_WARN_ABOUT_RETURN_TYPE = YES_ERROR;
				GCC_WARN_UNDECLARED_SELECTOR = YES;
				GCC_WARN_UNINITIALIZED_AUTOS = YES_AGGRESSIVE;
				GCC_WARN_UNUSED_FUNCTION = YES;
				GCC_WARN_UNUSED_VARIABLE = YES;
				IPHONEOS_DEPLOYMENT_TARGET = 14.0;
				MTL_ENABLE_DEBUG_INFO = INCLUDE_SOURCE;
				MTL_FAST_MATH = YES;
				ONLY_ACTIVE_ARCH = YES;
				SDKROOT = iphoneos;
				SWIFT_ACTIVE_COMPILATION_CONDITIONS = DEBUG;
				SWIFT_OPTIMIZATION_LEVEL = "-Onone";
			};
			name = Debug;
		};
		83F49004252468D40026814F /* Release */ = {
			isa = XCBuildConfiguration;
			buildSettings = {
				ALWAYS_SEARCH_USER_PATHS = NO;
				CLANG_ANALYZER_NONNULL = YES;
				CLANG_ANALYZER_NUMBER_OBJECT_CONVERSION = YES_AGGRESSIVE;
				CLANG_CXX_LANGUAGE_STANDARD = "gnu++14";
				CLANG_CXX_LIBRARY = "libc++";
				CLANG_ENABLE_MODULES = YES;
				CLANG_ENABLE_OBJC_ARC = YES;
				CLANG_ENABLE_OBJC_WEAK = YES;
				CLANG_WARN_BLOCK_CAPTURE_AUTORELEASING = YES;
				CLANG_WARN_BOOL_CONVERSION = YES;
				CLANG_WARN_COMMA = YES;
				CLANG_WARN_CONSTANT_CONVERSION = YES;
				CLANG_WARN_DEPRECATED_OBJC_IMPLEMENTATIONS = YES;
				CLANG_WARN_DIRECT_OBJC_ISA_USAGE = YES_ERROR;
				CLANG_WARN_DOCUMENTATION_COMMENTS = YES;
				CLANG_WARN_EMPTY_BODY = YES;
				CLANG_WARN_ENUM_CONVERSION = YES;
				CLANG_WARN_INFINITE_RECURSION = YES;
				CLANG_WARN_INT_CONVERSION = YES;
				CLANG_WARN_NON_LITERAL_NULL_CONVERSION = YES;
				CLANG_WARN_OBJC_IMPLICIT_RETAIN_SELF = YES;
				CLANG_WARN_OBJC_LITERAL_CONVERSION = YES;
				CLANG_WARN_OBJC_ROOT_CLASS = YES_ERROR;
				CLANG_WARN_QUOTED_INCLUDE_IN_FRAMEWORK_HEADER = YES;
				CLANG_WARN_RANGE_LOOP_ANALYSIS = YES;
				CLANG_WARN_STRICT_PROTOTYPES = YES;
				CLANG_WARN_SUSPICIOUS_MOVE = YES;
				CLANG_WARN_UNGUARDED_AVAILABILITY = YES_AGGRESSIVE;
				CLANG_WARN_UNREACHABLE_CODE = YES;
				CLANG_WARN__DUPLICATE_METHOD_MATCH = YES;
				COPY_PHASE_STRIP = NO;
				DEBUG_INFORMATION_FORMAT = "dwarf-with-dsym";
				ENABLE_NS_ASSERTIONS = NO;
				ENABLE_STRICT_OBJC_MSGSEND = YES;
				GCC_C_LANGUAGE_STANDARD = gnu11;
				GCC_NO_COMMON_BLOCKS = YES;
				GCC_WARN_64_TO_32_BIT_CONVERSION = YES;
				GCC_WARN_ABOUT_RETURN_TYPE = YES_ERROR;
				GCC_WARN_UNDECLARED_SELECTOR = YES;
				GCC_WARN_UNINITIALIZED_AUTOS = YES_AGGRESSIVE;
				GCC_WARN_UNUSED_FUNCTION = YES;
				GCC_WARN_UNUSED_VARIABLE = YES;
				IPHONEOS_DEPLOYMENT_TARGET = 14.0;
				MTL_ENABLE_DEBUG_INFO = NO;
				MTL_FAST_MATH = YES;
				SDKROOT = iphoneos;
				SWIFT_COMPILATION_MODE = wholemodule;
				SWIFT_OPTIMIZATION_LEVEL = "-O";
				VALIDATE_PRODUCT = YES;
			};
			name = Release;
		};
		83F49006252468D40026814F /* Debug */ = {
			isa = XCBuildConfiguration;
			buildSettings = {
				ASSETCATALOG_COMPILER_APPICON_NAME = AppIcon;
				ASSETCATALOG_COMPILER_GLOBAL_ACCENT_COLOR_NAME = AccentColor;
				CODE_SIGN_STYLE = Automatic;
				DEVELOPMENT_TEAM = RHRJ88BAB5;
				INFOPLIST_FILE = HeadphoneMotionVisualizer/Info.plist;
				LD_RUNPATH_SEARCH_PATHS = (
					"$(inherited)",
					"@executable_path/Frameworks",
				);
				PRODUCT_BUNDLE_IDENTIFIER = com.metalbyexample.HeadphoneMotionVisualizer;
				PRODUCT_NAME = "$(TARGET_NAME)";
				SWIFT_VERSION = 5.0;
				TARGETED_DEVICE_FAMILY = "1,2";
			};
			name = Debug;
		};
		83F49007252468D40026814F /* Release */ = {
			isa = XCBuildConfiguration;
			buildSettings = {
				ASSETCATALOG_COMPILER_APPICON_NAME = AppIcon;
				ASSETCATALOG_COMPILER_GLOBAL_ACCENT_COLOR_NAME = AccentColor;
				CODE_SIGN_STYLE = Automatic;
				DEVELOPMENT_TEAM = RHRJ88BAB5;
				INFOPLIST_FILE = HeadphoneMotionVisualizer/Info.plist;
				LD_RUNPATH_SEARCH_PATHS = (
					"$(inherited)",
					"@executable_path/Frameworks",
				);
				PRODUCT_BUNDLE_IDENTIFIER = com.metalbyexample.HeadphoneMotionVisualizer;
				PRODUCT_NAME = "$(TARGET_NAME)";
				SWIFT_VERSION = 5.0;
				TARGETED_DEVICE_FAMILY = "1,2";
			};
			name = Release;
		};
/* End XCBuildConfiguration section */

/* Begin XCConfigurationList section */
		83F48FEF252468D20026814F /* Build configuration list for PBXProject "HeadphoneMotionVisualizer" */ = {
			isa = XCConfigurationList;
			buildConfigurations = (
				83F49003252468D40026814F /* Debug */,
				83F49004252468D40026814F /* Release */,
			);
			defaultConfigurationIsVisible = 0;
			defaultConfigurationName = Release;
		};
		83F49005252468D40026814F /* Build configuration list for PBXNativeTarget "HeadphoneMotionVisualizer" */ = {
			isa = XCConfigurationList;
			buildConfigurations = (
				83F49006252468D40026814F /* Debug */,
				83F49007252468D40026814F /* Release */,
			);
			defaultConfigurationIsVisible = 0;
			defaultConfigurationName = Release;
		};
/* End XCConfigurationList section */
	};
	rootObject = 83F48FEC252468D20026814F /* Project object */;
}
